{
  "name": "production_api",
  "version": "0.0.1",
  "lockfileVersion": 3,
  "requires": true,
  "packages": {
    "": {
      "name": "production_api",
      "version": "0.0.1",
      "license": "GPL-3.0",
      "dependencies": {
        "frappe-gantt": "^0.6.1"
      }
    },
    "node_modules/frappe-gantt": {
      "version": "0.6.1",
      "resolved": "https://registry.npmjs.org/frappe-gantt/-/frappe-gantt-0.6.1.tgz",
      "integrity": "sha512-1cSU9vLbwypjzaxnCfnEE03Xr3HlAV2S8dRtjxw62o+amkx1A8bBIFd2jp84mcDdTCM77Ij4LzZBslAKZB8oMg=="
    }
  }
}
