# THIS IS AN AUTOGENERATED FILE. DO NOT EDIT THIS FILE DIRECTLY.
# yarn lockfile v1


frappe-gantt@^0.6.1:
  version "0.6.1"
  resolved "https://registry.npmjs.org/frappe-gantt/-/frappe-gantt-0.6.1.tgz"
  integrity sha512-1cSU9vLbwypjzaxnCfnEE03Xr3HlAV2S8dRtjxw62o+amkx1A8bBIFd2jp84mcDdTCM77Ij4LzZBslAKZB8oMg==
